
Microsoft Visual Studio Solution File, Format Version 12.00
# Visual Studio Version 17
VisualStudioVersion = 17.0.32014.148
MinimumVisualStudioVersion = 10.0.40219.1
Project("{FAE04EC0-301F-11D3-BF4B-00C04F79EFBC}") = "PerformanceBenchmarks", "PerformanceBenchmarksStr\PerformanceBenchmarksStr.csproj", "{D955145C-2F8C-4887-A27A-EBEC80CF381E}"
EndProject
Global
	GlobalSection(SolutionConfigurationPlatforms) = preSolution
		Debug|Any CPU = Debug|Any CPU
		Release|Any CPU = Release|Any CPU
	EndGlobalSection
	GlobalSection(ProjectConfigurationPlatforms) = postSolution
		{D955145C-2F8C-4887-A27A-EBEC80CF381E}.Debug|Any CPU.ActiveCfg = Debug|Any CPU
		{D955145C-2F8C-4887-A27A-EBEC80CF381E}.Debug|Any CPU.Build.0 = Debug|Any CPU
		{D955145C-2F8C-4887-A27A-EBEC80CF381E}.Release|Any CPU.ActiveCfg = Release|Any CPU
		{D955145C-2F8C-4887-A27A-EBEC80CF381E}.Release|Any CPU.Build.0 = Release|Any CPU
	EndGlobalSection
	GlobalSection(SolutionProperties) = preSolution
		HideSolutionNode = FALSE
	EndGlobalSection
	GlobalSection(ExtensibilityGlobals) = postSolution
		SolutionGuid = {2CFD8E2A-55B9-4E70-A1FD-9C2BE63EFEB7}
	EndGlobalSection
EndGlobal
